{
  "object": {
    "pins": [
      {
        "package": "Kingfisher",
        "repositoryURL": "https://github.com/onevcat/Kingfisher.git",
        "state": {
          "branch": null,
          "revision": "3ec0ab0bca4feb56e8b33e289c9496e89059dd08",
          "version": "7.10.2"
        }
      }
    ]
  },
  "version": 1
}
